{
  "requires": true,
  "lockfileVersion": 1,
  "dependencies": {
    "jquery": {
      "version": "3.4.1",
      "resolved": "https://registry.npmjs.org/jquery/-/jquery-3.4.1.tgz",
      "integrity": "sha512-36+AdBzCL+y6qjw5Tx7HgzeGCzC81MDDgaUP8ld2zhx58HdqXGoBd+tHdrBMiyjGQs0Hxs/MLZTu/eHNJJuWPw=="
    },
    "lg-autoplay": {
      "version": "1.0.4",
      "resolved": "https://registry.npmjs.org/lg-autoplay/-/lg-autoplay-1.0.4.tgz",
      "integrity": "sha1-JZHqK4QEOlzV2MsZacUCkhp3uiw=",
      "requires": {
        "jquery": ">=1.7.0"
      }
    },
    "lg-fullscreen": {
      "version": "1.1.0",
      "resolved": "https://registry.npmjs.org/lg-fullscreen/-/lg-fullscreen-1.1.0.tgz",
      "integrity": "sha512-Sh2mZMR8QYrYNgKcCwbACs3LO8OQg6puisIMDkd4ULEJicCt0zLZ9aT4YgNhcYMYBXAU2sHwbjHJjF7TxVT3hw==",
      "requires": {
        "jquery": ">=1.7.0"
      }
    },
    "lg-hash": {
      "version": "1.0.4",
      "resolved": "https://registry.npmjs.org/lg-hash/-/lg-hash-1.0.4.tgz",
      "integrity": "sha1-zpuyNCayMRDh/rTs6h+4pF0xBPg=",
      "requires": {
        "jquery": ">=1.7.0"
      }
    },
    "lg-pager": {
      "version": "1.0.2",
      "resolved": "https://registry.npmjs.org/lg-pager/-/lg-pager-1.0.2.tgz",
      "integrity": "sha1-6dko3o+fpEAVHQ6rgmXc+5rMsEE=",
      "requires": {
        "jquery": ">=1.7.0"
      }
    },
    "lg-share": {
      "version": "1.1.0",
      "resolved": "https://registry.npmjs.org/lg-share/-/lg-share-1.1.0.tgz",
      "integrity": "sha1-2QNoBjT0uN30XQexmFsud2rv05g=",
      "requires": {
        "jquery": ">=1.7.0"
      }
    },
    "lg-thumbnail": {
      "version": "1.1.0",
      "resolved": "https://registry.npmjs.org/lg-thumbnail/-/lg-thumbnail-1.1.0.tgz",
      "integrity": "sha1-kTRNnMo1gH1E+fg0bQRYnBXMFrI=",
      "requires": {
        "jquery": ">=1.7.0"
      }
    },
    "lg-video": {
      "version": "1.2.2",
      "resolved": "https://registry.npmjs.org/lg-video/-/lg-video-1.2.2.tgz",
      "integrity": "sha1-+dCjINILr7EmpA7bNXkNOro+9Bs=",
      "requires": {
        "jquery": ">=1.7.0"
      }
    },
    "lg-zoom": {
      "version": "1.1.0",
      "resolved": "https://registry.npmjs.org/lg-zoom/-/lg-zoom-1.1.0.tgz",
      "integrity": "sha1-cmzcNHSNvXwTcv7tswF75QnhCVE=",
      "requires": {
        "jquery": ">=1.7.0"
      }
    },
    "lightgallery": {
      "version": "1.6.12",
      "resolved": "https://registry.npmjs.org/lightgallery/-/lightgallery-1.6.12.tgz",
      "integrity": "sha512-t8hIgZc3ZvGW9pG8Bd68bXcUj7FWGewaroT7ADYo2fvQTgkqcMMLtXw9yQclS7BF0soadA0B6BN3MWOEiS2pYA==",
      "requires": {
        "jquery": ">=1.7.0"
      }
    },
    "sweetalert2": {
      "version": "8.18.6",
      "resolved": "https://registry.npmjs.org/sweetalert2/-/sweetalert2-8.18.6.tgz",
      "integrity": "sha512-6Jio6FH3p5hm+VHYN8mUyGhGozVo+r+eJtkUC/+bvSpXss84hcMRXNqKQs+J1+LWPy2DT7ozdyVXaVY6sMnm+w=="
    }
  }
}
